{
  "name": "two-rooms-one-tide",
  "version": "1.0.0",
  "lockfileVersion": 3,
  "requires": true,
  "packages": {
    "": {
      "name": "two-rooms-one-tide",
      "version": "1.0.0",
      "license": "ISC",
      "devDependencies": {
        "dreamlayer": "^0.3.0",
        "phaser": "^3.90.0"
      }
    },
    "node_modules/dreamlayer": {
      "version": "0.3.0",
      "resolved": "https://registry.npmjs.org/dreamlayer/-/dreamlayer-0.3.0.tgz",
      "integrity": "sha512-7bYKAyerBrhXPJhNXduhJMBoE2zu7D6rz7fw2k80yRwyZp89obh09cACO8wI3ZIHKklU6+W+6puQkws0VbNVnA==",
      "dev": true,
      "license": "MIT",
      "bin": {
        "dreamlayer": "dist/cli.js"
      },
      "engines": {
        "node": ">=22.12"
      }
    },
    "node_modules/eventemitter3": {
      "version": "5.0.4",
      "resolved": "https://registry.npmjs.org/eventemitter3/-/eventemitter3-5.0.4.tgz",
      "integrity": "sha512-mlsTRyGaPBjPedk6Bvw+aqbsXDtoAyAzm5MO7JgU+yVRyMQ5O8bD4Kcci7BS85f93veegeCPkL8R4GLClnjLFw==",
      "dev": true,
      "license": "MIT"
    },
    "node_modules/phaser": {
      "version": "3.90.0",
      "resolved": "https://registry.npmjs.org/phaser/-/phaser-3.90.0.tgz",
      "integrity": "sha512-/cziz/5ZIn02uDkC9RzN8VF9x3Gs3XdFFf9nkiMEQT3p7hQlWuyjy4QWosU802qqno2YSLn2BfqwOKLv/sSVfQ==",
      "dev": true,
      "license": "MIT",
      "dependencies": {
        "eventemitter3": "^5.0.1"
      }
    }
  }
}
